
Microsoft Visual Studio Solution File, Format Version 12.00
# Visual Studio Version 17
VisualStudioVersion = 17.4.33122.133
MinimumVisualStudioVersion = 10.0.40219.1
Project("{FAE04EC0-301F-11D3-BF4B-00C04F79EFBC}") = "MyStore", "MyStore\MyStore.csproj", "{7FFD4D5C-F1C3-4886-8C60-FF6DF04D0AF5}"
EndProject
Global
	GlobalSection(SolutionConfigurationPlatforms) = preSolution
		Debug|Any CPU = Debug|Any CPU
		Release|Any CPU = Release|Any CPU
	EndGlobalSection
	GlobalSection(ProjectConfigurationPlatforms) = postSolution
		{7FFD4D5C-F1C3-4886-8C60-FF6DF04D0AF5}.Debug|Any CPU.ActiveCfg = Debug|Any CPU
		{7FFD4D5C-F1C3-4886-8C60-FF6DF04D0AF5}.Debug|Any CPU.Build.0 = Debug|Any CPU
		{7FFD4D5C-F1C3-4886-8C60-FF6DF04D0AF5}.Release|Any CPU.ActiveCfg = Release|Any CPU
		{7FFD4D5C-F1C3-4886-8C60-FF6DF04D0AF5}.Release|Any CPU.Build.0 = Release|Any CPU
	EndGlobalSection
	GlobalSection(SolutionProperties) = preSolution
		HideSolutionNode = FALSE
	EndGlobalSection
	GlobalSection(ExtensibilityGlobals) = postSolution
		SolutionGuid = {DFED419A-CE9A-4487-967C-1EB29AFA13BF}
	EndGlobalSection
EndGlobal
